
Microsoft Visual Studio Solution File, Format Version 12.00
# Visual Studio Version 17
VisualStudioVersion = 17.12.35209.166
MinimumVisualStudioVersion = 10.0.40219.1
Project("{FAE04EC0-301F-11D3-BF4B-00C04F79EFBC}") = "Extend.NET.String", "Extend.NET.String\Extend.NET.String.csproj", "{9B818501-F59A-48BA-A19B-5D5A4884472F}"
EndProject
Project("{FAE04EC0-301F-11D3-BF4B-00C04F79EFBC}") = "Extend.NET.File", "Extend.NET.File\Extend.NET.File.csproj", "{D0BFAC2A-E5EB-404C-9E2D-9BF3A0E821B7}"
EndProject
Project("{2150E333-8FDC-42A3-9474-1A3956D46DE8}") = "Packages", "Packages", "{2C7612AB-BE30-401D-A828-E8A4279115E9}"
EndProject
Project("{2150E333-8FDC-42A3-9474-1A3956D46DE8}") = "SolutionFiles", "SolutionFiles", "{9B264432-92D6-4A72-85AD-B4AEAB17415C}"
	ProjectSection(SolutionItems) = preProject
		..\.gitignore = ..\.gitignore
		..\LICENSE = ..\LICENSE
		..\README.md = ..\README.md
	EndProjectSection
EndProject
Project("{FAE04EC0-301F-11D3-BF4B-00C04F79EFBC}") = "Extend.NET.Test", "Extend.NET.Test\Extend.NET.Test.csproj", "{21FF8775-8368-434E-BD88-C24385BC83AB}"
EndProject
Project("{2150E333-8FDC-42A3-9474-1A3956D46DE8}") = "NewFolder1", "NewFolder1", "{7C51DE0D-5976-49FD-8FAE-78CCCD5428AB}"
EndProject
Global
	GlobalSection(SolutionConfigurationPlatforms) = preSolution
		Debug|Any CPU = Debug|Any CPU
		Release|Any CPU = Release|Any CPU
	EndGlobalSection
	GlobalSection(ProjectConfigurationPlatforms) = postSolution
		{9B818501-F59A-48BA-A19B-5D5A4884472F}.Debug|Any CPU.ActiveCfg = Debug|Any CPU
		{9B818501-F59A-48BA-A19B-5D5A4884472F}.Debug|Any CPU.Build.0 = Debug|Any CPU
		{9B818501-F59A-48BA-A19B-5D5A4884472F}.Release|Any CPU.ActiveCfg = Release|Any CPU
		{9B818501-F59A-48BA-A19B-5D5A4884472F}.Release|Any CPU.Build.0 = Release|Any CPU
		{D0BFAC2A-E5EB-404C-9E2D-9BF3A0E821B7}.Debug|Any CPU.ActiveCfg = Debug|Any CPU
		{D0BFAC2A-E5EB-404C-9E2D-9BF3A0E821B7}.Debug|Any CPU.Build.0 = Debug|Any CPU
		{D0BFAC2A-E5EB-404C-9E2D-9BF3A0E821B7}.Release|Any CPU.ActiveCfg = Release|Any CPU
		{D0BFAC2A-E5EB-404C-9E2D-9BF3A0E821B7}.Release|Any CPU.Build.0 = Release|Any CPU
		{21FF8775-8368-434E-BD88-C24385BC83AB}.Debug|Any CPU.ActiveCfg = Debug|Any CPU
		{21FF8775-8368-434E-BD88-C24385BC83AB}.Debug|Any CPU.Build.0 = Debug|Any CPU
		{21FF8775-8368-434E-BD88-C24385BC83AB}.Release|Any CPU.ActiveCfg = Release|Any CPU
		{21FF8775-8368-434E-BD88-C24385BC83AB}.Release|Any CPU.Build.0 = Release|Any CPU
	EndGlobalSection
	GlobalSection(SolutionProperties) = preSolution
		HideSolutionNode = FALSE
	EndGlobalSection
	GlobalSection(NestedProjects) = preSolution
		{9B818501-F59A-48BA-A19B-5D5A4884472F} = {2C7612AB-BE30-401D-A828-E8A4279115E9}
		{D0BFAC2A-E5EB-404C-9E2D-9BF3A0E821B7} = {2C7612AB-BE30-401D-A828-E8A4279115E9}
	EndGlobalSection
	GlobalSection(ExtensibilityGlobals) = postSolution
		SolutionGuid = {4154E67A-6296-4641-A4E8-1A6738DF369A}
	EndGlobalSection
EndGlobal
